// !$*UTF8*$!
{
	archiveVersion = 1;
	classes = {
	};
	objectVersion = 50;
	objects = {

/* Begin PBXBuildFile section */
		2466ABAF25FC4F0000DA436A /* AppDelegate.swift in Sources */ = {isa = PBXBuildFile; fileRef = 2466ABAE25FC4F0000DA436A /* AppDelegate.swift */; };
		2466ABB125FC4F0000DA436A /* SceneDelegate.swift in Sources */ = {isa = PBXBuildFile; fileRef = 2466ABB025FC4F0000DA436A /* SceneDelegate.swift */; };
		2466ABB325FC4F0000DA436A /* ViewController.swift in Sources */ = {isa = PBXBuildFile; fileRef = 2466ABB225FC4F0000DA436A /* ViewController.swift */; };
		2466ABB625FC4F0000DA436A /* Main.storyboard in Resources */ = {isa = PBXBuildFile; fileRef = 2466ABB425FC4F0000DA436A /* Main.storyboard */; };
		2466ABB825FC4F0100DA436A /* Assets.xcassets in Resources */ = {isa = PBXBuildFile; fileRef = 2466ABB725FC4F0100DA436A /* Assets.xcassets */; };
		2466ABBB25FC4F0100DA436A /* LaunchScreen.storyboard in Resources */ = {isa = PBXBuildFile; fileRef = 2466ABB925FC4F0100DA436A /* LaunchScreen.storyboard */; };
		2466ABC625FC4F0100DA436A /* TwitterClientTests.swift in Sources */ = {isa = PBXBuildFile; fileRef = 2466ABC525FC4F0100DA436A /* TwitterClientTests.swift */; };
		2466ABD125FC4F0100DA436A /* TwitterClientUITests.swift in Sources */ = {isa = PBXBuildFile; fileRef = 2466ABD025FC4F0100DA436A /* TwitterClientUITests.swift */; };
/* End PBXBuildFile section */

/* Begin PBXContainerItemProxy section */
		2466ABC225FC4F0100DA436A /* PBXContainerItemProxy */ = {
			isa = PBXContainerItemProxy;
			containerPortal = 2466ABA325FC4F0000DA436A /* Project object */;
			proxyType = 1;
			remoteGlobalIDString = 2466ABAA25FC4F0000DA436A;
			remoteInfo = TwitterClient;
		};
		2466ABCD25FC4F0100DA436A /* PBXContainerItemProxy */ = {
			isa = PBXContainerItemProxy;
			containerPortal = 2466ABA325FC4F0000DA436A /* Project object */;
			proxyType = 1;
			remoteGlobalIDString = 2466ABAA25FC4F0000DA436A;
			remoteInfo = TwitterClient;
		};
/* End PBXContainerItemProxy section */

/* Begin PBXFileReference section */
		2466ABAB25FC4F0000DA436A /* TwitterClient.app */ = {isa = PBXFileReference; explicitFileType = wrapper.application; includeInIndex = 0; path = TwitterClient.app; sourceTree = BUILT_PRODUCTS_DIR; };
		2466ABAE25FC4F0000DA436A /* AppDelegate.swift */ = {isa = PBXFileReference; lastKnownFileType = sourcecode.swift; path = AppDelegate.swift; sourceTree = "<group>"; };
		2466ABB025FC4F0000DA436A /* SceneDelegate.swift */ = {isa = PBXFileReference; lastKnownFileType = sourcecode.swift; path = SceneDelegate.swift; sourceTree = "<group>"; };
		2466ABB225FC4F0000DA436A /* ViewController.swift */ = {isa = PBXFileReference; lastKnownFileType = sourcecode.swift; path = ViewController.swift; sourceTree = "<group>"; };
		2466ABB525FC4F0000DA436A /* Base */ = {isa = PBXFileReference; lastKnownFileType = file.storyboard; name = Base; path = Base.lproj/Main.storyboard; sourceTree = "<group>"; };
		2466ABB725FC4F0100DA436A /* Assets.xcassets */ = {isa = PBXFileReference; lastKnownFileType = folder.assetcatalog; path = Assets.xcassets; sourceTree = "<group>"; };
		2466ABBA25FC4F0100DA436A /* Base */ = {isa = PBXFileReference; lastKnownFileType = file.storyboard; name = Base; path = Base.lproj/LaunchScreen.storyboard; sourceTree = "<group>"; };
		2466ABBC25FC4F0100DA436A /* Info.plist */ = {isa = PBXFileReference; lastKnownFileType = text.plist.xml; path = Info.plist; sourceTree = "<group>"; };
		2466ABC125FC4F0100DA436A /* TwitterClientTests.xctest */ = {isa = PBXFileReference; explicitFileType = wrapper.cfbundle; includeInIndex = 0; path = TwitterClientTests.xctest; sourceTree = BUILT_PRODUCTS_DIR; };
		2466ABC525FC4F0100DA436A /* TwitterClientTests.swift */ = {isa = PBXFileReference; lastKnownFileType = sourcecode.swift; path = TwitterClientTests.swift; sourceTree = "<group>"; };
		2466ABC725FC4F0100DA436A /* Info.plist */ = {isa = PBXFileReference; lastKnownFileType = text.plist.xml; path = Info.plist; sourceTree = "<group>"; };
		2466ABCC25FC4F0100DA436A /* TwitterClientUITests.xctest */ = {isa = PBXFileReference; explicitFileType = wrapper.cfbundle; includeInIndex = 0; path = TwitterClientUITests.xctest; sourceTree = BUILT_PRODUCTS_DIR; };
		2466ABD025FC4F0100DA436A /* TwitterClientUITests.swift */ = {isa = PBXFileReference; lastKnownFileType = sourcecode.swift; path = TwitterClientUITests.swift; sourceTree = "<group>"; };
		2466ABD225FC4F0100DA436A /* Info.plist */ = {isa = PBXFileReference; lastKnownFileType = text.plist.xml; path = Info.plist; sourceTree = "<group>"; };
/* End PBXFileReference section */

/* Begin PBXFrameworksBuildPhase section */
		2466ABA825FC4F0000DA436A /* Frameworks */ = {
			isa = PBXFrameworksBuildPhase;
			buildActionMask = 2147483647;
			files = (
			);
			runOnlyForDeploymentPostprocessing = 0;
		};
		2466ABBE25FC4F0100DA436A /* Frameworks */ = {
			isa = PBXFrameworksBuildPhase;
			buildActionMask = 2147483647;
			files = (
			);
			runOnlyForDeploymentPostprocessing = 0;
		};
		2466ABC925FC4F0100DA436A /* Frameworks */ = {
			isa = PBXFrameworksBuildPhase;
			buildActionMask = 2147483647;
			files = (
			);
			runOnlyForDeploymentPostprocessing = 0;
		};
/* End PBXFrameworksBuildPhase section */

/* Begin PBXGroup section */
		2466ABA225FC4F0000DA436A = {
			isa = PBXGroup;
			children = (
				2466ABAD25FC4F0000DA436A /* TwitterClient */,
				2466ABC425FC4F0100DA436A /* TwitterClientTests */,
				2466ABCF25FC4F0100DA436A /* TwitterClientUITests */,
				2466ABAC25FC4F0000DA436A /* Products */,
			);
			sourceTree = "<group>";
		};
		2466ABAC25FC4F0000DA436A /* Products */ = {
			isa = PBXGroup;
			children = (
				2466ABAB25FC4F0000DA436A /* TwitterClient.app */,
				2466ABC125FC4F0100DA436A /* TwitterClientTests.xctest */,
				2466ABCC25FC4F0100DA436A /* TwitterClientUITests.xctest */,
			);
			name = Products;
			sourceTree = "<group>";
		};
		2466ABAD25FC4F0000DA436A /* TwitterClient */ = {
			isa = PBXGroup;
			children = (
				2466ABAE25FC4F0000DA436A /* AppDelegate.swift */,
				2466ABB025FC4F0000DA436A /* SceneDelegate.swift */,
				2466ABB225FC4F0000DA436A /* ViewController.swift */,
				2466ABB425FC4F0000DA436A /* Main.storyboard */,
				2466ABB725FC4F0100DA436A /* Assets.xcassets */,
				2466ABB925FC4F0100DA436A /* LaunchScreen.storyboard */,
				2466ABBC25FC4F0100DA436A /* Info.plist */,
			);
			path = TwitterClient;
			sourceTree = "<group>";
		};
		2466ABC425FC4F0100DA436A /* TwitterClientTests */ = {
			isa = PBXGroup;
			children = (
				2466ABC525FC4F0100DA436A /* TwitterClientTests.swift */,
				2466ABC725FC4F0100DA436A /* Info.plist */,
			);
			path = TwitterClientTests;
			sourceTree = "<group>";
		};
		2466ABCF25FC4F0100DA436A /* TwitterClientUITests */ = {
			isa = PBXGroup;
			children = (
				2466ABD025FC4F0100DA436A /* TwitterClientUITests.swift */,
				2466ABD225FC4F0100DA436A /* Info.plist */,
			);
			path = TwitterClientUITests;
			sourceTree = "<group>";
		};
/* End PBXGroup section */

/* Begin PBXNativeTarget section */
		2466ABAA25FC4F0000DA436A /* TwitterClient */ = {
			isa = PBXNativeTarget;
			buildConfigurationList = 2466ABD525FC4F0100DA436A /* Build configuration list for PBXNativeTarget "TwitterClient" */;
			buildPhases = (
				2466ABA725FC4F0000DA436A /* Sources */,
				2466ABA825FC4F0000DA436A /* Frameworks */,
				2466ABA925FC4F0000DA436A /* Resources */,
			);
			buildRules = (
			);
			dependencies = (
			);
			name = TwitterClient;
			productName = TwitterClient;
			productReference = 2466ABAB25FC4F0000DA436A /* TwitterClient.app */;
			productType = "com.apple.product-type.application";
		};
		2466ABC025FC4F0100DA436A /* TwitterClientTests */ = {
			isa = PBXNativeTarget;
			buildConfigurationList = 2466ABD825FC4F0100DA436A /* Build configuration list for PBXNativeTarget "TwitterClientTests" */;
			buildPhases = (
				2466ABBD25FC4F0100DA436A /* Sources */,
				2466ABBE25FC4F0100DA436A /* Frameworks */,
				2466ABBF25FC4F0100DA436A /* Resources */,
			);
			buildRules = (
			);
			dependencies = (
				2466ABC325FC4F0100DA436A /* PBXTargetDependency */,
			);
			name = TwitterClientTests;
			productName = TwitterClientTests;
			productReference = 2466ABC125FC4F0100DA436A /* TwitterClientTests.xctest */;
			productType = "com.apple.product-type.bundle.unit-test";
		};
		2466ABCB25FC4F0100DA436A /* TwitterClientUITests */ = {
			isa = PBXNativeTarget;
			buildConfigurationList = 2466ABDB25FC4F0100DA436A /* Build configuration list for PBXNativeTarget "TwitterClientUITests" */;
			buildPhases = (
				2466ABC825FC4F0100DA436A /* Sources */,
				2466ABC925FC4F0100DA436A /* Frameworks */,
				2466ABCA25FC4F0100DA436A /* Resources */,
			);
			buildRules = (
			);
			dependencies = (
				2466ABCE25FC4F0100DA436A /* PBXTargetDependency */,
			);
			name = TwitterClientUITests;
			productName = TwitterClientUITests;
			productReference = 2466ABCC25FC4F0100DA436A /* TwitterClientUITests.xctest */;
			productType = "com.apple.product-type.bundle.ui-testing";
		};
/* End PBXNativeTarget section */

/* Begin PBXProject section */
		2466ABA325FC4F0000DA436A /* Project object */ = {
			isa = PBXProject;
			attributes = {
				LastSwiftUpdateCheck = 1240;
				LastUpgradeCheck = 1240;
				TargetAttributes = {
					2466ABAA25FC4F0000DA436A = {
						CreatedOnToolsVersion = 12.4;
					};
					2466ABC025FC4F0100DA436A = {
						CreatedOnToolsVersion = 12.4;
						TestTargetID = 2466ABAA25FC4F0000DA436A;
					};
					2466ABCB25FC4F0100DA436A = {
						CreatedOnToolsVersion = 12.4;
						TestTargetID = 2466ABAA25FC4F0000DA436A;
					};
				};
			};
			buildConfigurationList = 2466ABA625FC4F0000DA436A /* Build configuration list for PBXProject "TwitterClient" */;
			compatibilityVersion = "Xcode 9.3";
			developmentRegion = en;
			hasScannedForEncodings = 0;
			knownRegions = (
				en,
				Base,
			);
			mainGroup = 2466ABA225FC4F0000DA436A;
			productRefGroup = 2466ABAC25FC4F0000DA436A /* Products */;
			projectDirPath = "";
			projectRoot = "";
			targets = (
				2466ABAA25FC4F0000DA436A /* TwitterClient */,
				2466ABC025FC4F0100DA436A /* TwitterClientTests */,
				2466ABCB25FC4F0100DA436A /* TwitterClientUITests */,
			);
		};
/* End PBXProject section */

/* Begin PBXResourcesBuildPhase section */
		2466ABA925FC4F0000DA436A /* Resources */ = {
			isa = PBXResourcesBuildPhase;
			buildActionMask = 2147483647;
			files = (
				2466ABBB25FC4F0100DA436A /* LaunchScreen.storyboard in Resources */,
				2466ABB825FC4F0100DA436A /* Assets.xcassets in Resources */,
				2466ABB625FC4F0000DA436A /* Main.storyboard in Resources */,
			);
			runOnlyForDeploymentPostprocessing = 0;
		};
		2466ABBF25FC4F0100DA436A /* Resources */ = {
			isa = PBXResourcesBuildPhase;
			buildActionMask = 2147483647;
			files = (
			);
			runOnlyForDeploymentPostprocessing = 0;
		};
		2466ABCA25FC4F0100DA436A /* Resources */ = {
			isa = PBXResourcesBuildPhase;
			buildActionMask = 2147483647;
			files = (
			);
			runOnlyForDeploymentPostprocessing = 0;
		};
/* End PBXResourcesBuildPhase section */

/* Begin PBXSourcesBuildPhase section */
		2466ABA725FC4F0000DA436A /* Sources */ = {
			isa = PBXSourcesBuildPhase;
			buildActionMask = 2147483647;
			files = (
				2466ABB325FC4F0000DA436A /* ViewController.swift in Sources */,
				2466ABAF25FC4F0000DA436A /* AppDelegate.swift in Sources */,
				2466ABB125FC4F0000DA436A /* SceneDelegate.swift in Sources */,
			);
			runOnlyForDeploymentPostprocessing = 0;
		};
		2466ABBD25FC4F0100DA436A /* Sources */ = {
			isa = PBXSourcesBuildPhase;
			buildActionMask = 2147483647;
			files = (
				2466ABC625FC4F0100DA436A /* TwitterClientTests.swift in Sources */,
			);
			runOnlyForDeploymentPostprocessing = 0;
		};
		2466ABC825FC4F0100DA436A /* Sources */ = {
			isa = PBXSourcesBuildPhase;
			buildActionMask = 2147483647;
			files = (
				2466ABD125FC4F0100DA436A /* TwitterClientUITests.swift in Sources */,
			);
			runOnlyForDeploymentPostprocessing = 0;
		};
/* End PBXSourcesBuildPhase section */

/* Begin PBXTargetDependency section */
		2466ABC325FC4F0100DA436A /* PBXTargetDependency */ = {
			isa = PBXTargetDependency;
			target = 2466ABAA25FC4F0000DA436A /* TwitterClient */;
			targetProxy = 2466ABC225FC4F0100DA436A /* PBXContainerItemProxy */;
		};
		2466ABCE25FC4F0100DA436A /* PBXTargetDependency */ = {
			isa = PBXTargetDependency;
			target = 2466ABAA25FC4F0000DA436A /* TwitterClient */;
			targetProxy = 2466ABCD25FC4F0100DA436A /* PBXContainerItemProxy */;
		};
/* End PBXTargetDependency section */

/* Begin PBXVariantGroup section */
		2466ABB425FC4F0000DA436A /* Main.storyboard */ = {
			isa = PBXVariantGroup;
			children = (
				2466ABB525FC4F0000DA436A /* Base */,
			);
			name = Main.storyboard;
			sourceTree = "<group>";
		};
		2466ABB925FC4F0100DA436A /* LaunchScreen.storyboard */ = {
			isa = PBXVariantGroup;
			children = (
				2466ABBA25FC4F0100DA436A /* Base */,
			);
			name = LaunchScreen.storyboard;
			sourceTree = "<group>";
		};
/* End PBXVariantGroup section */

/* Begin XCBuildConfiguration section */
		2466ABD325FC4F0100DA436A /* Debug */ = {
			isa = XCBuildConfiguration;
			buildSettings = {
				ALWAYS_SEARCH_USER_PATHS = NO;
				CLANG_ANALYZER_NONNULL = YES;
				CLANG_ANALYZER_NUMBER_OBJECT_CONVERSION = YES_AGGRESSIVE;
				CLANG_CXX_LANGUAGE_STANDARD = "gnu++14";
				CLANG_CXX_LIBRARY = "libc++";
				CLANG_ENABLE_MODULES = YES;
				CLANG_ENABLE_OBJC_ARC = YES;
				CLANG_ENABLE_OBJC_WEAK = YES;
				CLANG_WARN_BLOCK_CAPTURE_AUTORELEASING = YES;
				CLANG_WARN_BOOL_CONVERSION = YES;
				CLANG_WARN_COMMA = YES;
				CLANG_WARN_CONSTANT_CONVERSION = YES;
				CLANG_WARN_DEPRECATED_OBJC_IMPLEMENTATIONS = YES;
				CLANG_WARN_DIRECT_OBJC_ISA_USAGE = YES_ERROR;
				CLANG_WARN_DOCUMENTATION_COMMENTS = YES;
				CLANG_WARN_EMPTY_BODY = YES;
				CLANG_WARN_ENUM_CONVERSION = YES;
				CLANG_WARN_INFINITE_RECURSION = YES;
				CLANG_WARN_INT_CONVERSION = YES;
				CLANG_WARN_NON_LITERAL_NULL_CONVERSION = YES;
				CLANG_WARN_OBJC_IMPLICIT_RETAIN_SELF = YES;
				CLANG_WARN_OBJC_LITERAL_CONVERSION = YES;
				CLANG_WARN_OBJC_ROOT_CLASS = YES_ERROR;
				CLANG_WARN_QUOTED_INCLUDE_IN_FRAMEWORK_HEADER = YES;
				CLANG_WARN_RANGE_LOOP_ANALYSIS = YES;
				CLANG_WARN_STRICT_PROTOTYPES = YES;
				CLANG_WARN_SUSPICIOUS_MOVE = YES;
				CLANG_WARN_UNGUARDED_AVAILABILITY = YES_AGGRESSIVE;
				CLANG_WARN_UNREACHABLE_CODE = YES;
				CLANG_WARN__DUPLICATE_METHOD_MATCH = YES;
				COPY_PHASE_STRIP = NO;
				DEBUG_INFORMATION_FORMAT = dwarf;
				ENABLE_STRICT_OBJC_MSGSEND = YES;
				ENABLE_TESTABILITY = YES;
				GCC_C_LANGUAGE_STANDARD = gnu11;
				GCC_DYNAMIC_NO_PIC = NO;
				GCC_NO_COMMON_BLOCKS = YES;
				GCC_OPTIMIZATION_LEVEL = 0;
				GCC_PREPROCESSOR_DEFINITIONS = (
					"DEBUG=1",
					"$(inherited)",
				);
				GCC_WARN_64_TO_32_BIT_CONVERSION = YES;
				GCC_WARN_ABOUT_RETURN_TYPE = YES_ERROR;
				GCC_WARN_UNDECLARED_SELECTOR = YES;
				GCC_WARN_UNINITIALIZED_AUTOS = YES_AGGRESSIVE;
				GCC_WARN_UNUSED_FUNCTION = YES;
				GCC_WARN_UNUSED_VARIABLE = YES;
				IPHONEOS_DEPLOYMENT_TARGET = 14.4;
				MTL_ENABLE_DEBUG_INFO = INCLUDE_SOURCE;
				MTL_FAST_MATH = YES;
				ONLY_ACTIVE_ARCH = YES;
				SDKROOT = iphoneos;
				SWIFT_ACTIVE_COMPILATION_CONDITIONS = DEBUG;
				SWIFT_OPTIMIZATION_LEVEL = "-Onone";
			};
			name = Debug;
		};
		2466ABD425FC4F0100DA436A /* Release */ = {
			isa = XCBuildConfiguration;
			buildSettings = {
				ALWAYS_SEARCH_USER_PATHS = NO;
				CLANG_ANALYZER_NONNULL = YES;
				CLANG_ANALYZER_NUMBER_OBJECT_CONVERSION = YES_AGGRESSIVE;
				CLANG_CXX_LANGUAGE_STANDARD = "gnu++14";
				CLANG_CXX_LIBRARY = "libc++";
				CLANG_ENABLE_MODULES = YES;
				CLANG_ENABLE_OBJC_ARC = YES;
				CLANG_ENABLE_OBJC_WEAK = YES;
				CLANG_WARN_BLOCK_CAPTURE_AUTORELEASING = YES;
				CLANG_WARN_BOOL_CONVERSION = YES;
				CLANG_WARN_COMMA = YES;
				CLANG_WARN_CONSTANT_CONVERSION = YES;
				CLANG_WARN_DEPRECATED_OBJC_IMPLEMENTATIONS = YES;
				CLANG_WARN_DIRECT_OBJC_ISA_USAGE = YES_ERROR;
				CLANG_WARN_DOCUMENTATION_COMMENTS = YES;
				CLANG_WARN_EMPTY_BODY = YES;
				CLANG_WARN_ENUM_CONVERSION = YES;
				CLANG_WARN_INFINITE_RECURSION = YES;
				CLANG_WARN_INT_CONVERSION = YES;
				CLANG_WARN_NON_LITERAL_NULL_CONVERSION = YES;
				CLANG_WARN_OBJC_IMPLICIT_RETAIN_SELF = YES;
				CLANG_WARN_OBJC_LITERAL_CONVERSION = YES;
				CLANG_WARN_OBJC_ROOT_CLASS = YES_ERROR;
				CLANG_WARN_QUOTED_INCLUDE_IN_FRAMEWORK_HEADER = YES;
				CLANG_WARN_RANGE_LOOP_ANALYSIS = YES;
				CLANG_WARN_STRICT_PROTOTYPES = YES;
				CLANG_WARN_SUSPICIOUS_MOVE = YES;
				CLANG_WARN_UNGUARDED_AVAILABILITY = YES_AGGRESSIVE;
				CLANG_WARN_UNREACHABLE_CODE = YES;
				CLANG_WARN__DUPLICATE_METHOD_MATCH = YES;
				COPY_PHASE_STRIP = NO;
				DEBUG_INFORMATION_FORMAT = "dwarf-with-dsym";
				ENABLE_NS_ASSERTIONS = NO;
				ENABLE_STRICT_OBJC_MSGSEND = YES;
				GCC_C_LANGUAGE_STANDARD = gnu11;
				GCC_NO_COMMON_BLOCKS = YES;
				GCC_WARN_64_TO_32_BIT_CONVERSION = YES;
				GCC_WARN_ABOUT_RETURN_TYPE = YES_ERROR;
				GCC_WARN_UNDECLARED_SELECTOR = YES;
				GCC_WARN_UNINITIALIZED_AUTOS = YES_AGGRESSIVE;
				GCC_WARN_UNUSED_FUNCTION = YES;
				GCC_WARN_UNUSED_VARIABLE = YES;
				IPHONEOS_DEPLOYMENT_TARGET = 14.4;
				MTL_ENABLE_DEBUG_INFO = NO;
				MTL_FAST_MATH = YES;
				SDKROOT = iphoneos;
				SWIFT_COMPILATION_MODE = wholemodule;
				SWIFT_OPTIMIZATION_LEVEL = "-O";
				VALIDATE_PRODUCT = YES;
			};
			name = Release;
		};
		2466ABD625FC4F0100DA436A /* Debug */ = {
			isa = XCBuildConfiguration;
			buildSettings = {
				ASSETCATALOG_COMPILER_APPICON_NAME = AppIcon;
				ASSETCATALOG_COMPILER_GLOBAL_ACCENT_COLOR_NAME = AccentColor;
				CODE_SIGN_STYLE = Automatic;
				DEVELOPMENT_TEAM = SRXN24KSE8;
				INFOPLIST_FILE = TwitterClient/Info.plist;
				LD_RUNPATH_SEARCH_PATHS = (
					"$(inherited)",
					"@executable_path/Frameworks",
				);
				PRODUCT_BUNDLE_IDENTIFIER = k5.TwitterClient;
				PRODUCT_NAME = "$(TARGET_NAME)";
				SWIFT_VERSION = 5.0;
				TARGETED_DEVICE_FAMILY = "1,2";
			};
			name = Debug;
		};
		2466ABD725FC4F0100DA436A /* Release */ = {
			isa = XCBuildConfiguration;
			buildSettings = {
				ASSETCATALOG_COMPILER_APPICON_NAME = AppIcon;
				ASSETCATALOG_COMPILER_GLOBAL_ACCENT_COLOR_NAME = AccentColor;
				CODE_SIGN_STYLE = Automatic;
				DEVELOPMENT_TEAM = SRXN24KSE8;
				INFOPLIST_FILE = TwitterClient/Info.plist;
				LD_RUNPATH_SEARCH_PATHS = (
					"$(inherited)",
					"@executable_path/Frameworks",
				);
				PRODUCT_BUNDLE_IDENTIFIER = k5.TwitterClient;
				PRODUCT_NAME = "$(TARGET_NAME)";
				SWIFT_VERSION = 5.0;
				TARGETED_DEVICE_FAMILY = "1,2";
			};
			name = Release;
		};
		2466ABD925FC4F0100DA436A /* Debug */ = {
			isa = XCBuildConfiguration;
			buildSettings = {
				ALWAYS_EMBED_SWIFT_STANDARD_LIBRARIES = YES;
				BUNDLE_LOADER = "$(TEST_HOST)";
				CODE_SIGN_STYLE = Automatic;
				DEVELOPMENT_TEAM = SRXN24KSE8;
				INFOPLIST_FILE = TwitterClientTests/Info.plist;
				IPHONEOS_DEPLOYMENT_TARGET = 14.4;
				LD_RUNPATH_SEARCH_PATHS = (
					"$(inherited)",
					"@executable_path/Frameworks",
					"@loader_path/Frameworks",
				);
				PRODUCT_BUNDLE_IDENTIFIER = k5.TwitterClientTests;
				PRODUCT_NAME = "$(TARGET_NAME)";
				SWIFT_VERSION = 5.0;
				TARGETED_DEVICE_FAMILY = "1,2";
				TEST_HOST = "$(BUILT_PRODUCTS_DIR)/TwitterClient.app/TwitterClient";
			};
			name = Debug;
		};
		2466ABDA25FC4F0100DA436A /* Release */ = {
			isa = XCBuildConfiguration;
			buildSettings = {
				ALWAYS_EMBED_SWIFT_STANDARD_LIBRARIES = YES;
				BUNDLE_LOADER = "$(TEST_HOST)";
				CODE_SIGN_STYLE = Automatic;
				DEVELOPMENT_TEAM = SRXN24KSE8;
				INFOPLIST_FILE = TwitterClientTests/Info.plist;
				IPHONEOS_DEPLOYMENT_TARGET = 14.4;
				LD_RUNPATH_SEARCH_PATHS = (
					"$(inherited)",
					"@executable_path/Frameworks",
					"@loader_path/Frameworks",
				);
				PRODUCT_BUNDLE_IDENTIFIER = k5.TwitterClientTests;
				PRODUCT_NAME = "$(TARGET_NAME)";
				SWIFT_VERSION = 5.0;
				TARGETED_DEVICE_FAMILY = "1,2";
				TEST_HOST = "$(BUILT_PRODUCTS_DIR)/TwitterClient.app/TwitterClient";
			};
			name = Release;
		};
		2466ABDC25FC4F0100DA436A /* Debug */ = {
			isa = XCBuildConfiguration;
			buildSettings = {
				ALWAYS_EMBED_SWIFT_STANDARD_LIBRARIES = YES;
				CODE_SIGN_STYLE = Automatic;
				DEVELOPMENT_TEAM = SRXN24KSE8;
				INFOPLIST_FILE = TwitterClientUITests/Info.plist;
				LD_RUNPATH_SEARCH_PATHS = (
					"$(inherited)",
					"@executable_path/Frameworks",
					"@loader_path/Frameworks",
				);
				PRODUCT_BUNDLE_IDENTIFIER = k5.TwitterClientUITests;
				PRODUCT_NAME = "$(TARGET_NAME)";
				SWIFT_VERSION = 5.0;
				TARGETED_DEVICE_FAMILY = "1,2";
				TEST_TARGET_NAME = TwitterClient;
			};
			name = Debug;
		};
		2466ABDD25FC4F0100DA436A /* Release */ = {
			isa = XCBuildConfiguration;
			buildSettings = {
				ALWAYS_EMBED_SWIFT_STANDARD_LIBRARIES = YES;
				CODE_SIGN_STYLE = Automatic;
				DEVELOPMENT_TEAM = SRXN24KSE8;
				INFOPLIST_FILE = TwitterClientUITests/Info.plist;
				LD_RUNPATH_SEARCH_PATHS = (
					"$(inherited)",
					"@executable_path/Frameworks",
					"@loader_path/Frameworks",
				);
				PRODUCT_BUNDLE_IDENTIFIER = k5.TwitterClientUITests;
				PRODUCT_NAME = "$(TARGET_NAME)";
				SWIFT_VERSION = 5.0;
				TARGETED_DEVICE_FAMILY = "1,2";
				TEST_TARGET_NAME = TwitterClient;
			};
			name = Release;
		};
/* End XCBuildConfiguration section */

/* Begin XCConfigurationList section */
		2466ABA625FC4F0000DA436A /* Build configuration list for PBXProject "TwitterClient" */ = {
			isa = XCConfigurationList;
			buildConfigurations = (
				2466ABD325FC4F0100DA436A /* Debug */,
				2466ABD425FC4F0100DA436A /* Release */,
			);
			defaultConfigurationIsVisible = 0;
			defaultConfigurationName = Release;
		};
		2466ABD525FC4F0100DA436A /* Build configuration list for PBXNativeTarget "TwitterClient" */ = {
			isa = XCConfigurationList;
			buildConfigurations = (
				2466ABD625FC4F0100DA436A /* Debug */,
				2466ABD725FC4F0100DA436A /* Release */,
			);
			defaultConfigurationIsVisible = 0;
			defaultConfigurationName = Release;
		};
		2466ABD825FC4F0100DA436A /* Build configuration list for PBXNativeTarget "TwitterClientTests" */ = {
			isa = XCConfigurationList;
			buildConfigurations = (
				2466ABD925FC4F0100DA436A /* Debug */,
				2466ABDA25FC4F0100DA436A /* Release */,
			);
			defaultConfigurationIsVisible = 0;
			defaultConfigurationName = Release;
		};
		2466ABDB25FC4F0100DA436A /* Build configuration list for PBXNativeTarget "TwitterClientUITests" */ = {
			isa = XCConfigurationList;
			buildConfigurations = (
				2466ABDC25FC4F0100DA436A /* Debug */,
				2466ABDD25FC4F0100DA436A /* Release */,
			);
			defaultConfigurationIsVisible = 0;
			defaultConfigurationName = Release;
		};
/* End XCConfigurationList section */
	};
	rootObject = 2466ABA325FC4F0000DA436A /* Project object */;
}
